
Microsoft Visual Studio Solution File, Format Version 12.00
# Visual Studio 15
VisualStudioVersion = 15.0.27004.2002
MinimumVisualStudioVersion = 10.0.40219.1
Project("{9A19103F-16F7-4668-BE54-9A1E7A4F7556}") = "TodoService", "src\TodoService\TodoService.csproj", "{1273E112-6036-4CD8-9B43-70F6FDD9323C}"
EndProject
Project("{E24C65DC-7377-472B-9ABA-BC803B73C61A}") = "todo", "src\todo\", "{8916DFA1-5AC0-4AF4-9A67-94E5E38E58EE}"
	ProjectSection(WebsiteProperties) = preProject
		TargetFrameworkMoniker = ".NETFramework,Version%3Dv4.0"
		Debug.AspNetCompiler.VirtualPath = "/localhost_60207"
		Debug.AspNetCompiler.PhysicalPath = "src\todo\"
		Debug.AspNetCompiler.TargetPath = "PrecompiledWeb\localhost_60207\"
		Debug.AspNetCompiler.Updateable = "true"
		Debug.AspNetCompiler.ForceOverwrite = "true"
		Debug.AspNetCompiler.FixedNames = "false"
		Debug.AspNetCompiler.Debug = "True"
		Release.AspNetCompiler.VirtualPath = "/localhost_60207"
		Release.AspNetCompiler.PhysicalPath = "src\todo\"
		Release.AspNetCompiler.TargetPath = "PrecompiledWeb\localhost_60207\"
		Release.AspNetCompiler.Updateable = "true"
		Release.AspNetCompiler.ForceOverwrite = "true"
		Release.AspNetCompiler.FixedNames = "false"
		Release.AspNetCompiler.Debug = "False"
		VWDPort = "60207"
		SlnRelativePath = "src\todo\"
	EndProjectSection
EndProject
Global
	GlobalSection(SolutionConfigurationPlatforms) = preSolution
		Debug|Any CPU = Debug|Any CPU
		Release|Any CPU = Release|Any CPU
	EndGlobalSection
	GlobalSection(ProjectConfigurationPlatforms) = postSolution
		{1273E112-6036-4CD8-9B43-70F6FDD9323C}.Debug|Any CPU.ActiveCfg = Debug|Any CPU
		{1273E112-6036-4CD8-9B43-70F6FDD9323C}.Debug|Any CPU.Build.0 = Debug|Any CPU
		{1273E112-6036-4CD8-9B43-70F6FDD9323C}.Release|Any CPU.ActiveCfg = Release|Any CPU
		{1273E112-6036-4CD8-9B43-70F6FDD9323C}.Release|Any CPU.Build.0 = Release|Any CPU
		{8916DFA1-5AC0-4AF4-9A67-94E5E38E58EE}.Debug|Any CPU.ActiveCfg = Debug|Any CPU
		{8916DFA1-5AC0-4AF4-9A67-94E5E38E58EE}.Debug|Any CPU.Build.0 = Debug|Any CPU
		{8916DFA1-5AC0-4AF4-9A67-94E5E38E58EE}.Release|Any CPU.ActiveCfg = Debug|Any CPU
		{8916DFA1-5AC0-4AF4-9A67-94E5E38E58EE}.Release|Any CPU.Build.0 = Debug|Any CPU
	EndGlobalSection
	GlobalSection(SolutionProperties) = preSolution
		HideSolutionNode = FALSE
	EndGlobalSection
	GlobalSection(ExtensibilityGlobals) = postSolution
		SolutionGuid = {93AC39CC-F278-4559-8A1B-01251686F9C5}
	EndGlobalSection
EndGlobal
